
Microsoft Visual Studio Solution File, Format Version 12.00
# Visual Studio Version 17
VisualStudioVersion = 17.11.35327.3
MinimumVisualStudioVersion = 10.0.40219.1
Project("{FAE04EC0-301F-11D3-BF4B-00C04F79EFBC}") = "mybase", "mybase.csproj", "{693219E3-44DE-485A-B860-6C793A92E73B}"
EndProject
Global
	GlobalSection(SolutionConfigurationPlatforms) = preSolution
		Debug|x64 = Debug|x64
		Release|x64 = Release|x64
	EndGlobalSection
	GlobalSection(ProjectConfigurationPlatforms) = postSolution
		{693219E3-44DE-485A-B860-6C793A92E73B}.Debug|x64.ActiveCfg = Debug|x64
		{693219E3-44DE-485A-B860-6C793A92E73B}.Debug|x64.Build.0 = Debug|x64
		{693219E3-44DE-485A-B860-6C793A92E73B}.Release|x64.ActiveCfg = Release|x64
		{693219E3-44DE-485A-B860-6C793A92E73B}.Release|x64.Build.0 = Release|x64
	EndGlobalSection
	GlobalSection(SolutionProperties) = preSolution
		HideSolutionNode = FALSE
	EndGlobalSection
	GlobalSection(ExtensibilityGlobals) = postSolution
		SolutionGuid = {3563ADAD-D8D0-45B6-8D4B-27B85B255B8E}
	EndGlobalSection
EndGlobal
